{
  "name": "note-lab",
  "version": "1.0.0",
  "lockfileVersion": 3,
  "requires": true,
  "packages": {
    "": {
      "name": "note-lab",
      "version": "1.0.0",
      "license": "MIT",
      "dependencies": {
        "@cloudflare/workers-types": "^4.0.0"
      },
      "devDependencies": {
        "wrangler": "^3.0.0"
      }
    }
  }
}
